
Microsoft Visual Studio Solution File, Format Version 12.00
# Visual Studio Version 17
VisualStudioVersion = 17.7.34009.444
MinimumVisualStudioVersion = 10.0.40219.1
Project("{FAE04EC0-301F-11D3-BF4B-00C04F79EFBC}") = "TanITELEC1C", "TanITELEC1C\TanITELEC1C.csproj", "{D414586F-0255-4DF7-9545-ED5B9D691A94}"
EndProject
Global
	GlobalSection(SolutionConfigurationPlatforms) = preSolution
		Debug|Any CPU = Debug|Any CPU
		Release|Any CPU = Release|Any CPU
	EndGlobalSection
	GlobalSection(ProjectConfigurationPlatforms) = postSolution
		{D414586F-0255-4DF7-9545-ED5B9D691A94}.Debug|Any CPU.ActiveCfg = Debug|Any CPU
		{D414586F-0255-4DF7-9545-ED5B9D691A94}.Debug|Any CPU.Build.0 = Debug|Any CPU
		{D414586F-0255-4DF7-9545-ED5B9D691A94}.Release|Any CPU.ActiveCfg = Release|Any CPU
		{D414586F-0255-4DF7-9545-ED5B9D691A94}.Release|Any CPU.Build.0 = Release|Any CPU
	EndGlobalSection
	GlobalSection(SolutionProperties) = preSolution
		HideSolutionNode = FALSE
	EndGlobalSection
	GlobalSection(ExtensibilityGlobals) = postSolution
		SolutionGuid = {713E2983-C221-4275-B0B7-5C0EB7BAB4B1}
	EndGlobalSection
EndGlobal
